
Microsoft Visual Studio Solution File, Format Version 12.00
# Visual Studio 15
VisualStudioVersion = 15.0.27130.2027
MinimumVisualStudioVersion = 15.0.26124.0
Project("{2150E333-8FDC-42A3-9474-1A3956D46DE8}") = "build", "build", "{409E8CC1-9A6A-4D36-A463-7FB012FF63FD}"
	ProjectSection(SolutionItems) = preProject
		src\Directory.Build.props = src\Directory.Build.props
		src\Directory.Build.targets = src\Directory.Build.targets
	EndProjectSection
EndProject
Project("{9A19103F-16F7-4668-BE54-9A1E7A4F7556}") = "Sunburst.WindowsShell.ApplicationRecovery", "src\Sunburst.WindowsShell.ApplicationRecovery\Sunburst.WindowsShell.ApplicationRecovery.csproj", "{0D8E6F2C-3C02-4F01-8057-0882BAC4A981}"
EndProject
Global
	GlobalSection(SolutionConfigurationPlatforms) = preSolution
		Debug|Any CPU = Debug|Any CPU
		Release|Any CPU = Release|Any CPU
	EndGlobalSection
	GlobalSection(ProjectConfigurationPlatforms) = postSolution
		{0D8E6F2C-3C02-4F01-8057-0882BAC4A981}.Debug|Any CPU.ActiveCfg = Debug|Any CPU
		{0D8E6F2C-3C02-4F01-8057-0882BAC4A981}.Debug|Any CPU.Build.0 = Debug|Any CPU
		{0D8E6F2C-3C02-4F01-8057-0882BAC4A981}.Release|Any CPU.ActiveCfg = Release|Any CPU
		{0D8E6F2C-3C02-4F01-8057-0882BAC4A981}.Release|Any CPU.Build.0 = Release|Any CPU
	EndGlobalSection
	GlobalSection(SolutionProperties) = preSolution
		HideSolutionNode = FALSE
	EndGlobalSection
	GlobalSection(ExtensibilityGlobals) = postSolution
		SolutionGuid = {1AB9141E-35A1-4744-9D4F-21DCB88C9C4B}
	EndGlobalSection
EndGlobal
